
Microsoft Visual Studio Solution File, Format Version 12.00
# Visual Studio Version 16
VisualStudioVersion = 16.0.29102.190
MinimumVisualStudioVersion = 10.0.40219.1
Project("{FAE04EC0-301F-11D3-BF4B-00C04F79EFBC}") = "LineLogin", "LineLogin.csproj", "{1129D673-CF53-4100-A9A9-0322E72BEB2A}"
EndProject
Global
	GlobalSection(SolutionConfigurationPlatforms) = preSolution
		Debug|Any CPU = Debug|Any CPU
		Release|Any CPU = Release|Any CPU
	EndGlobalSection
	GlobalSection(ProjectConfigurationPlatforms) = postSolution
		{1129D673-CF53-4100-A9A9-0322E72BEB2A}.Debug|Any CPU.ActiveCfg = Debug|Any CPU
		{1129D673-CF53-4100-A9A9-0322E72BEB2A}.Debug|Any CPU.Build.0 = Debug|Any CPU
		{1129D673-CF53-4100-A9A9-0322E72BEB2A}.Release|Any CPU.ActiveCfg = Release|Any CPU
		{1129D673-CF53-4100-A9A9-0322E72BEB2A}.Release|Any CPU.Build.0 = Release|Any CPU
	EndGlobalSection
	GlobalSection(SolutionProperties) = preSolution
		HideSolutionNode = FALSE
	EndGlobalSection
	GlobalSection(ExtensibilityGlobals) = postSolution
		SolutionGuid = {EB6D3D58-9AC6-4D2E-8F9B-8BE0F8DC220C}
	EndGlobalSection
EndGlobal
